
Microsoft Visual Studio Solution File, Format Version 12.00
# Visual Studio Version 16
VisualStudioVersion = 16.0.30204.135
MinimumVisualStudioVersion = 10.0.40219.1
Project("{8BC9CEB8-8B4A-11D0-8D11-00A0C91BC942}") = "TestHuawei", "TestHuawei.vcxproj", "{9C8146C0-3B08-425A-A241-3D4FDE7EA8FF}"
EndProject
Global
	GlobalSection(SolutionConfigurationPlatforms) = preSolution
		Debug|x64 = Debug|x64
		Debug|x86 = Debug|x86
		Release|x64 = Release|x64
		Release|x86 = Release|x86
	EndGlobalSection
	GlobalSection(ProjectConfigurationPlatforms) = postSolution
		{9C8146C0-3B08-425A-A241-3D4FDE7EA8FF}.Debug|x64.ActiveCfg = Debug|x64
		{9C8146C0-3B08-425A-A241-3D4FDE7EA8FF}.Debug|x64.Build.0 = Debug|x64
		{9C8146C0-3B08-425A-A241-3D4FDE7EA8FF}.Debug|x86.ActiveCfg = Debug|Win32
		{9C8146C0-3B08-425A-A241-3D4FDE7EA8FF}.Debug|x86.Build.0 = Debug|Win32
		{9C8146C0-3B08-425A-A241-3D4FDE7EA8FF}.Release|x64.ActiveCfg = Release|x64
		{9C8146C0-3B08-425A-A241-3D4FDE7EA8FF}.Release|x64.Build.0 = Release|x64
		{9C8146C0-3B08-425A-A241-3D4FDE7EA8FF}.Release|x86.ActiveCfg = Release|Win32
		{9C8146C0-3B08-425A-A241-3D4FDE7EA8FF}.Release|x86.Build.0 = Release|Win32
	EndGlobalSection
	GlobalSection(SolutionProperties) = preSolution
		HideSolutionNode = FALSE
	EndGlobalSection
	GlobalSection(ExtensibilityGlobals) = postSolution
		SolutionGuid = {F56CA666-D723-4581-B1BC-5E57D9C319B9}
	EndGlobalSection
EndGlobal
